
Microsoft Visual Studio Solution File, Format Version 12.00
# Visual Studio 2013
VisualStudioVersion = 12.0.31101.0
MinimumVisualStudioVersion = 10.0.40219.1
Project("{FAE04EC0-301F-11D3-BF4B-00C04F79EFBC}") = "QuickDirtyTools", "..\src\QuickDirtyTools.csproj", "{C6FD41A8-DF36-409B-911D-93FCC2C223A4}"
EndProject
Project("{FAE04EC0-301F-11D3-BF4B-00C04F79EFBC}") = "QuickDirtyTools64", "..\src\QuickDirtyTools64.csproj", "{36E99D2B-8C77-479C-B79F-315289E58835}"
EndProject
Global
	GlobalSection(SolutionConfigurationPlatforms) = preSolution
		Debug|Any CPU = Debug|Any CPU
		Release|Any CPU = Release|Any CPU
	EndGlobalSection
	GlobalSection(ProjectConfigurationPlatforms) = postSolution
		{C6FD41A8-DF36-409B-911D-93FCC2C223A4}.Debug|Any CPU.ActiveCfg = Debug|Any CPU
		{C6FD41A8-DF36-409B-911D-93FCC2C223A4}.Debug|Any CPU.Build.0 = Debug|Any CPU
		{C6FD41A8-DF36-409B-911D-93FCC2C223A4}.Release|Any CPU.ActiveCfg = Release|Any CPU
		{C6FD41A8-DF36-409B-911D-93FCC2C223A4}.Release|Any CPU.Build.0 = Release|Any CPU
		{36E99D2B-8C77-479C-B79F-315289E58835}.Debug|Any CPU.ActiveCfg = Debug|Any CPU
		{36E99D2B-8C77-479C-B79F-315289E58835}.Debug|Any CPU.Build.0 = Debug|Any CPU
		{36E99D2B-8C77-479C-B79F-315289E58835}.Release|Any CPU.ActiveCfg = Release|Any CPU
		{36E99D2B-8C77-479C-B79F-315289E58835}.Release|Any CPU.Build.0 = Release|Any CPU
	EndGlobalSection
	GlobalSection(SolutionProperties) = preSolution
		HideSolutionNode = FALSE
	EndGlobalSection
EndGlobal
